dependencies:
- name: prometheus
  repository: https://prometheus-community.github.io/helm-charts
  version: 29.24.0
- name: victoria-metrics-single
  repository: https://victoriametrics.github.io/helm-charts
  version: 0.44.0
- name: loki
  repository: https://grafana.github.io/helm-charts
  version: 7.3.0
- name: alloy
  repository: https://grafana.github.io/helm-charts
  version: 1.11.1
- name: grafana
  repository: https://grafana.github.io/helm-charts
  version: 10.5.15
digest: sha256:959b4ebfc95cc157d03c726abeaf054eceb04c2253c0f47641c83f4de5e93d63
generated: "2026-08-15T01:51:23.818874387+05:30"
