dependencies:
- name: kube-prometheus-stack
  repository: https://prometheus-community.github.io/helm-charts
  version: 88.5.3
- name: victoria-metrics-single
  repository: https://victoriametrics.github.io/helm-charts
  version: 0.44.0
- name: loki
  repository: https://grafana.github.io/helm-charts
  version: 7.3.0
- name: alloy
  repository: https://grafana.github.io/helm-charts
  version: 1.11.1
- name: grafana
  repository: https://grafana.github.io/helm-charts
  version: 10.5.15
digest: sha256:1ccda3cc9d6ed78e8cf6fd252f717e458c5c923026f31662cd30f5c3fa26a32a
generated: "2026-08-23T19:08:39.486230807+05:30"
